
Microsoft Visual Studio Solution File, Format Version 12.00
Project("{FAE04EC0-301F-11D3-BF4B-00C04F79EFBC}") = "Logger", "Logger\Logger.csproj", "{3CF487CB-20B6-4225-AB91-E0C5EF3AC72E}"
EndProject
Project("{FAE04EC0-301F-11D3-BF4B-00C04F79EFBC}") = "Shared.Events", "Shared.Events\Shared.Events.csproj", "{86235F3C-9C55-4F4D-BB0D-368453CF7E7A}"
EndProject
Global
	GlobalSection(SolutionConfigurationPlatforms) = preSolution
		Debug|Any CPU = Debug|Any CPU
		Release|Any CPU = Release|Any CPU
	EndGlobalSection
	GlobalSection(ProjectConfigurationPlatforms) = postSolution
		{3CF487CB-20B6-4225-AB91-E0C5EF3AC72E}.Debug|Any CPU.ActiveCfg = Debug|Any CPU
		{3CF487CB-20B6-4225-AB91-E0C5EF3AC72E}.Debug|Any CPU.Build.0 = Debug|Any CPU
		{3CF487CB-20B6-4225-AB91-E0C5EF3AC72E}.Release|Any CPU.ActiveCfg = Release|Any CPU
		{3CF487CB-20B6-4225-AB91-E0C5EF3AC72E}.Release|Any CPU.Build.0 = Release|Any CPU
		{86235F3C-9C55-4F4D-BB0D-368453CF7E7A}.Debug|Any CPU.ActiveCfg = Debug|Any CPU
		{86235F3C-9C55-4F4D-BB0D-368453CF7E7A}.Debug|Any CPU.Build.0 = Debug|Any CPU
		{86235F3C-9C55-4F4D-BB0D-368453CF7E7A}.Release|Any CPU.ActiveCfg = Release|Any CPU
		{86235F3C-9C55-4F4D-BB0D-368453CF7E7A}.Release|Any CPU.Build.0 = Release|Any CPU
	EndGlobalSection
EndGlobal
